
Microsoft Visual Studio Solution File, Format Version 12.00
# Visual Studio Version 16
VisualStudioVersion = 16.0.32630.194
MinimumVisualStudioVersion = 10.0.40219.1
Project("{9A19103F-16F7-4668-BE54-9A1E7A4F7556}") = "Socket_UDP", "Socket_UDP\Socket_UDP.csproj", "{A7DDA3CC-3139-4B84-A5B9-667E419993CE}"
EndProject
Project("{FAE04EC0-301F-11D3-BF4B-00C04F79EFBC}") = "UDP_SOCKET_CORE", "UDP_SOCKET_CORE\UDP_SOCKET_CORE.csproj", "{0B7D9668-8246-4CA6-B23E-6DC30AA56C59}"
EndProject
Global
	GlobalSection(SolutionConfigurationPlatforms) = preSolution
		Debug|Any CPU = Debug|Any CPU
		Release|Any CPU = Release|Any CPU
	EndGlobalSection
	GlobalSection(ProjectConfigurationPlatforms) = postSolution
		{A7DDA3CC-3139-4B84-A5B9-667E419993CE}.Debug|Any CPU.ActiveCfg = Debug|Any CPU
		{A7DDA3CC-3139-4B84-A5B9-667E419993CE}.Debug|Any CPU.Build.0 = Debug|Any CPU
		{A7DDA3CC-3139-4B84-A5B9-667E419993CE}.Release|Any CPU.ActiveCfg = Release|Any CPU
		{A7DDA3CC-3139-4B84-A5B9-667E419993CE}.Release|Any CPU.Build.0 = Release|Any CPU
		{0B7D9668-8246-4CA6-B23E-6DC30AA56C59}.Debug|Any CPU.ActiveCfg = Debug|Any CPU
		{0B7D9668-8246-4CA6-B23E-6DC30AA56C59}.Debug|Any CPU.Build.0 = Debug|Any CPU
		{0B7D9668-8246-4CA6-B23E-6DC30AA56C59}.Release|Any CPU.ActiveCfg = Release|Any CPU
		{0B7D9668-8246-4CA6-B23E-6DC30AA56C59}.Release|Any CPU.Build.0 = Release|Any CPU
	EndGlobalSection
	GlobalSection(SolutionProperties) = preSolution
		HideSolutionNode = FALSE
	EndGlobalSection
	GlobalSection(ExtensibilityGlobals) = postSolution
		SolutionGuid = {79143FB4-A429-459B-8EC7-555080F23FFF}
	EndGlobalSection
EndGlobal
